
Microsoft Visual Studio Solution File, Format Version 12.00
# Visual Studio Version 17
VisualStudioVersion = 17.10.35013.160
MinimumVisualStudioVersion = 10.0.40219.1
Project("{9A19103F-16F7-4668-BE54-9A1E7A4F7556}") = "Inventory Management System", "Inventory Management System\Inventory Management System.csproj", "{280A2E0E-AAF4-4791-9ECC-08B2C82E31BB}"
EndProject
Global
	GlobalSection(SolutionConfigurationPlatforms) = preSolution
		Debug|Any CPU = Debug|Any CPU
		Release|Any CPU = Release|Any CPU
	EndGlobalSection
	GlobalSection(ProjectConfigurationPlatforms) = postSolution
		{280A2E0E-AAF4-4791-9ECC-08B2C82E31BB}.Debug|Any CPU.ActiveCfg = Debug|Any CPU
		{280A2E0E-AAF4-4791-9ECC-08B2C82E31BB}.Debug|Any CPU.Build.0 = Debug|Any CPU
		{280A2E0E-AAF4-4791-9ECC-08B2C82E31BB}.Release|Any CPU.ActiveCfg = Release|Any CPU
		{280A2E0E-AAF4-4791-9ECC-08B2C82E31BB}.Release|Any CPU.Build.0 = Release|Any CPU
	EndGlobalSection
	GlobalSection(SolutionProperties) = preSolution
		HideSolutionNode = FALSE
	EndGlobalSection
	GlobalSection(ExtensibilityGlobals) = postSolution
		SolutionGuid = {51130408-1110-4496-B26F-615D873EFAFA}
	EndGlobalSection
EndGlobal
